// !$*UTF8*$!
{
	archiveVersion = 1;
	classes = {
	};
	objectVersion = 50;
	objects = {

/* Begin PBXBuildFile section */
		A0925467269E87CC00EE1688 /* AppDelegate.swift in Sources */ = {isa = PBXBuildFile; fileRef = A0925466269E87CC00EE1688 /* AppDelegate.swift */; };
		A0925469269E87CC00EE1688 /* SceneDelegate.swift in Sources */ = {isa = PBXBuildFile; fileRef = A0925468269E87CC00EE1688 /* SceneDelegate.swift */; };
		A092546B269E87CC00EE1688 /* ContentView.swift in Sources */ = {isa = PBXBuildFile; fileRef = A092546A269E87CC00EE1688 /* ContentView.swift */; };
		A092546E269E87CC00EE1688 /* PayBillTip.xcdatamodeld in Sources */ = {isa = PBXBuildFile; fileRef = A092546C269E87CC00EE1688 /* PayBillTip.xcdatamodeld */; };
		A0925470269E87CE00EE1688 /* Assets.xcassets in Resources */ = {isa = PBXBuildFile; fileRef = A092546F269E87CE00EE1688 /* Assets.xcassets */; };
		A0925473269E87CE00EE1688 /* Preview Assets.xcassets in Resources */ = {isa = PBXBuildFile; fileRef = A0925472269E87CE00EE1688 /* Preview Assets.xcassets */; };
		A0925476269E87CE00EE1688 /* LaunchScreen.storyboard in Resources */ = {isa = PBXBuildFile; fileRef = A0925474269E87CE00EE1688 /* LaunchScreen.storyboard */; };
		A0925481269E87CF00EE1688 /* PayBillTipTests.swift in Sources */ = {isa = PBXBuildFile; fileRef = A0925480269E87CF00EE1688 /* PayBillTipTests.swift */; };
		A092548C269E87CF00EE1688 /* PayBillTipUITests.swift in Sources */ = {isa = PBXBuildFile; fileRef = A092548B269E87CF00EE1688 /* PayBillTipUITests.swift */; };
/* End PBXBuildFile section */

/* Begin PBXContainerItemProxy section */
		A092547D269E87CF00EE1688 /* PBXContainerItemProxy */ = {
			isa = PBXContainerItemProxy;
			containerPortal = A092545B269E87CC00EE1688 /* Project object */;
			proxyType = 1;
			remoteGlobalIDString = A0925462269E87CC00EE1688;
			remoteInfo = PayBillTip;
		};
		A0925488269E87CF00EE1688 /* PBXContainerItemProxy */ = {
			isa = PBXContainerItemProxy;
			containerPortal = A092545B269E87CC00EE1688 /* Project object */;
			proxyType = 1;
			remoteGlobalIDString = A0925462269E87CC00EE1688;
			remoteInfo = PayBillTip;
		};
/* End PBXContainerItemProxy section */

/* Begin PBXFileReference section */
		A0925463269E87CC00EE1688 /* PayBillTip.app */ = {isa = PBXFileReference; explicitFileType = wrapper.application; includeInIndex = 0; path = PayBillTip.app; sourceTree = BUILT_PRODUCTS_DIR; };
		A0925466269E87CC00EE1688 /* AppDelegate.swift */ = {isa = PBXFileReference; lastKnownFileType = sourcecode.swift; path = AppDelegate.swift; sourceTree = "<group>"; };
		A0925468269E87CC00EE1688 /* SceneDelegate.swift */ = {isa = PBXFileReference; lastKnownFileType = sourcecode.swift; path = SceneDelegate.swift; sourceTree = "<group>"; };
		A092546A269E87CC00EE1688 /* ContentView.swift */ = {isa = PBXFileReference; lastKnownFileType = sourcecode.swift; path = ContentView.swift; sourceTree = "<group>"; };
		A092546D269E87CC00EE1688 /* PayBillTip.xcdatamodel */ = {isa = PBXFileReference; lastKnownFileType = wrapper.xcdatamodel; path = PayBillTip.xcdatamodel; sourceTree = "<group>"; };
		A092546F269E87CE00EE1688 /* Assets.xcassets */ = {isa = PBXFileReference; lastKnownFileType = folder.assetcatalog; path = Assets.xcassets; sourceTree = "<group>"; };
		A0925472269E87CE00EE1688 /* Preview Assets.xcassets */ = {isa = PBXFileReference; lastKnownFileType = folder.assetcatalog; path = "Preview Assets.xcassets"; sourceTree = "<group>"; };
		A0925475269E87CE00EE1688 /* Base */ = {isa = PBXFileReference; lastKnownFileType = file.storyboard; name = Base; path = Base.lproj/LaunchScreen.storyboard; sourceTree = "<group>"; };
		A0925477269E87CE00EE1688 /* Info.plist */ = {isa = PBXFileReference; lastKnownFileType = text.plist.xml; path = Info.plist; sourceTree = "<group>"; };
		A092547C269E87CF00EE1688 /* PayBillTipTests.xctest */ = {isa = PBXFileReference; explicitFileType = wrapper.cfbundle; includeInIndex = 0; path = PayBillTipTests.xctest; sourceTree = BUILT_PRODUCTS_DIR; };
		A0925480269E87CF00EE1688 /* PayBillTipTests.swift */ = {isa = PBXFileReference; lastKnownFileType = sourcecode.swift; path = PayBillTipTests.swift; sourceTree = "<group>"; };
		A0925482269E87CF00EE1688 /* Info.plist */ = {isa = PBXFileReference; lastKnownFileType = text.plist.xml; path = Info.plist; sourceTree = "<group>"; };
		A0925487269E87CF00EE1688 /* PayBillTipUITests.xctest */ = {isa = PBXFileReference; explicitFileType = wrapper.cfbundle; includeInIndex = 0; path = PayBillTipUITests.xctest; sourceTree = BUILT_PRODUCTS_DIR; };
		A092548B269E87CF00EE1688 /* PayBillTipUITests.swift */ = {isa = PBXFileReference; lastKnownFileType = sourcecode.swift; path = PayBillTipUITests.swift; sourceTree = "<group>"; };
		A092548D269E87CF00EE1688 /* Info.plist */ = {isa = PBXFileReference; lastKnownFileType = text.plist.xml; path = Info.plist; sourceTree = "<group>"; };
/* End PBXFileReference section */

/* Begin PBXFrameworksBuildPhase section */
		A0925460269E87CC00EE1688 /* Frameworks */ = {
			isa = PBXFrameworksBuildPhase;
			buildActionMask = 2147483647;
			files = (
			);
			runOnlyForDeploymentPostprocessing = 0;
		};
		A0925479269E87CF00EE1688 /* Frameworks */ = {
			isa = PBXFrameworksBuildPhase;
			buildActionMask = 2147483647;
			files = (
			);
			runOnlyForDeploymentPostprocessing = 0;
		};
		A0925484269E87CF00EE1688 /* Frameworks */ = {
			isa = PBXFrameworksBuildPhase;
			buildActionMask = 2147483647;
			files = (
			);
			runOnlyForDeploymentPostprocessing = 0;
		};
/* End PBXFrameworksBuildPhase section */

/* Begin PBXGroup section */
		A092545A269E87CC00EE1688 = {
			isa = PBXGroup;
			children = (
				A0925465269E87CC00EE1688 /* PayBillTip */,
				A092547F269E87CF00EE1688 /* PayBillTipTests */,
				A092548A269E87CF00EE1688 /* PayBillTipUITests */,
				A0925464269E87CC00EE1688 /* Products */,
			);
			sourceTree = "<group>";
		};
		A0925464269E87CC00EE1688 /* Products */ = {
			isa = PBXGroup;
			children = (
				A0925463269E87CC00EE1688 /* PayBillTip.app */,
				A092547C269E87CF00EE1688 /* PayBillTipTests.xctest */,
				A0925487269E87CF00EE1688 /* PayBillTipUITests.xctest */,
			);
			name = Products;
			sourceTree = "<group>";
		};
		A0925465269E87CC00EE1688 /* PayBillTip */ = {
			isa = PBXGroup;
			children = (
				A0925466269E87CC00EE1688 /* AppDelegate.swift */,
				A0925468269E87CC00EE1688 /* SceneDelegate.swift */,
				A092546A269E87CC00EE1688 /* ContentView.swift */,
				A092546F269E87CE00EE1688 /* Assets.xcassets */,
				A0925474269E87CE00EE1688 /* LaunchScreen.storyboard */,
				A0925477269E87CE00EE1688 /* Info.plist */,
				A092546C269E87CC00EE1688 /* PayBillTip.xcdatamodeld */,
				A0925471269E87CE00EE1688 /* Preview Content */,
			);
			path = PayBillTip;
			sourceTree = "<group>";
		};
		A0925471269E87CE00EE1688 /* Preview Content */ = {
			isa = PBXGroup;
			children = (
				A0925472269E87CE00EE1688 /* Preview Assets.xcassets */,
			);
			path = "Preview Content";
			sourceTree = "<group>";
		};
		A092547F269E87CF00EE1688 /* PayBillTipTests */ = {
			isa = PBXGroup;
			children = (
				A0925480269E87CF00EE1688 /* PayBillTipTests.swift */,
				A0925482269E87CF00EE1688 /* Info.plist */,
			);
			path = PayBillTipTests;
			sourceTree = "<group>";
		};
		A092548A269E87CF00EE1688 /* PayBillTipUITests */ = {
			isa = PBXGroup;
			children = (
				A092548B269E87CF00EE1688 /* PayBillTipUITests.swift */,
				A092548D269E87CF00EE1688 /* Info.plist */,
			);
			path = PayBillTipUITests;
			sourceTree = "<group>";
		};
/* End PBXGroup section */

/* Begin PBXNativeTarget section */
		A0925462269E87CC00EE1688 /* PayBillTip */ = {
			isa = PBXNativeTarget;
			buildConfigurationList = A0925490269E87CF00EE1688 /* Build configuration list for PBXNativeTarget "PayBillTip" */;
			buildPhases = (
				A092545F269E87CC00EE1688 /* Sources */,
				A0925460269E87CC00EE1688 /* Frameworks */,
				A0925461269E87CC00EE1688 /* Resources */,
			);
			buildRules = (
			);
			dependencies = (
			);
			name = PayBillTip;
			productName = PayBillTip;
			productReference = A0925463269E87CC00EE1688 /* PayBillTip.app */;
			productType = "com.apple.product-type.application";
		};
		A092547B269E87CF00EE1688 /* PayBillTipTests */ = {
			isa = PBXNativeTarget;
			buildConfigurationList = A0925493269E87CF00EE1688 /* Build configuration list for PBXNativeTarget "PayBillTipTests" */;
			buildPhases = (
				A0925478269E87CF00EE1688 /* Sources */,
				A0925479269E87CF00EE1688 /* Frameworks */,
				A092547A269E87CF00EE1688 /* Resources */,
			);
			buildRules = (
			);
			dependencies = (
				A092547E269E87CF00EE1688 /* PBXTargetDependency */,
			);
			name = PayBillTipTests;
			productName = PayBillTipTests;
			productReference = A092547C269E87CF00EE1688 /* PayBillTipTests.xctest */;
			productType = "com.apple.product-type.bundle.unit-test";
		};
		A0925486269E87CF00EE1688 /* PayBillTipUITests */ = {
			isa = PBXNativeTarget;
			buildConfigurationList = A0925496269E87CF00EE1688 /* Build configuration list for PBXNativeTarget "PayBillTipUITests" */;
			buildPhases = (
				A0925483269E87CF00EE1688 /* Sources */,
				A0925484269E87CF00EE1688 /* Frameworks */,
				A0925485269E87CF00EE1688 /* Resources */,
			);
			buildRules = (
			);
			dependencies = (
				A0925489269E87CF00EE1688 /* PBXTargetDependency */,
			);
			name = PayBillTipUITests;
			productName = PayBillTipUITests;
			productReference = A0925487269E87CF00EE1688 /* PayBillTipUITests.xctest */;
			productType = "com.apple.product-type.bundle.ui-testing";
		};
/* End PBXNativeTarget section */

/* Begin PBXProject section */
		A092545B269E87CC00EE1688 /* Project object */ = {
			isa = PBXProject;
			attributes = {
				LastSwiftUpdateCheck = 1250;
				LastUpgradeCheck = 1250;
				TargetAttributes = {
					A0925462269E87CC00EE1688 = {
						CreatedOnToolsVersion = 12.5;
					};
					A092547B269E87CF00EE1688 = {
						CreatedOnToolsVersion = 12.5;
						TestTargetID = A0925462269E87CC00EE1688;
					};
					A0925486269E87CF00EE1688 = {
						CreatedOnToolsVersion = 12.5;
						TestTargetID = A0925462269E87CC00EE1688;
					};
				};
			};
			buildConfigurationList = A092545E269E87CC00EE1688 /* Build configuration list for PBXProject "PayBillTip" */;
			compatibilityVersion = "Xcode 9.3";
			developmentRegion = en;
			hasScannedForEncodings = 0;
			knownRegions = (
				en,
				Base,
			);
			mainGroup = A092545A269E87CC00EE1688;
			productRefGroup = A0925464269E87CC00EE1688 /* Products */;
			projectDirPath = "";
			projectRoot = "";
			targets = (
				A0925462269E87CC00EE1688 /* PayBillTip */,
				A092547B269E87CF00EE1688 /* PayBillTipTests */,
				A0925486269E87CF00EE1688 /* PayBillTipUITests */,
			);
		};
/* End PBXProject section */

/* Begin PBXResourcesBuildPhase section */
		A0925461269E87CC00EE1688 /* Resources */ = {
			isa = PBXResourcesBuildPhase;
			buildActionMask = 2147483647;
			files = (
				A0925476269E87CE00EE1688 /* LaunchScreen.storyboard in Resources */,
				A0925473269E87CE00EE1688 /* Preview Assets.xcassets in Resources */,
				A0925470269E87CE00EE1688 /* Assets.xcassets in Resources */,
			);
			runOnlyForDeploymentPostprocessing = 0;
		};
		A092547A269E87CF00EE1688 /* Resources */ = {
			isa = PBXResourcesBuildPhase;
			buildActionMask = 2147483647;
			files = (
			);
			runOnlyForDeploymentPostprocessing = 0;
		};
		A0925485269E87CF00EE1688 /* Resources */ = {
			isa = PBXResourcesBuildPhase;
			buildActionMask = 2147483647;
			files = (
			);
			runOnlyForDeploymentPostprocessing = 0;
		};
/* End PBXResourcesBuildPhase section */

/* Begin PBXSourcesBuildPhase section */
		A092545F269E87CC00EE1688 /* Sources */ = {
			isa = PBXSourcesBuildPhase;
			buildActionMask = 2147483647;
			files = (
				A0925467269E87CC00EE1688 /* AppDelegate.swift in Sources */,
				A092546E269E87CC00EE1688 /* PayBillTip.xcdatamodeld in Sources */,
				A0925469269E87CC00EE1688 /* SceneDelegate.swift in Sources */,
				A092546B269E87CC00EE1688 /* ContentView.swift in Sources */,
			);
			runOnlyForDeploymentPostprocessing = 0;
		};
		A0925478269E87CF00EE1688 /* Sources */ = {
			isa = PBXSourcesBuildPhase;
			buildActionMask = 2147483647;
			files = (
				A0925481269E87CF00EE1688 /* PayBillTipTests.swift in Sources */,
			);
			runOnlyForDeploymentPostprocessing = 0;
		};
		A0925483269E87CF00EE1688 /* Sources */ = {
			isa = PBXSourcesBuildPhase;
			buildActionMask = 2147483647;
			files = (
				A092548C269E87CF00EE1688 /* PayBillTipUITests.swift in Sources */,
			);
			runOnlyForDeploymentPostprocessing = 0;
		};
/* End PBXSourcesBuildPhase section */

/* Begin PBXTargetDependency section */
		A092547E269E87CF00EE1688 /* PBXTargetDependency */ = {
			isa = PBXTargetDependency;
			target = A0925462269E87CC00EE1688 /* PayBillTip */;
			targetProxy = A092547D269E87CF00EE1688 /* PBXContainerItemProxy */;
		};
		A0925489269E87CF00EE1688 /* PBXTargetDependency */ = {
			isa = PBXTargetDependency;
			target = A0925462269E87CC00EE1688 /* PayBillTip */;
			targetProxy = A0925488269E87CF00EE1688 /* PBXContainerItemProxy */;
		};
/* End PBXTargetDependency section */

/* Begin PBXVariantGroup section */
		A0925474269E87CE00EE1688 /* LaunchScreen.storyboard */ = {
			isa = PBXVariantGroup;
			children = (
				A0925475269E87CE00EE1688 /* Base */,
			);
			name = LaunchScreen.storyboard;
			sourceTree = "<group>";
		};
/* End PBXVariantGroup section */

/* Begin XCBuildConfiguration section */
		A092548E269E87CF00EE1688 /* Debug */ = {
			isa = XCBuildConfiguration;
			buildSettings = {
				ALWAYS_SEARCH_USER_PATHS = NO;
				CLANG_ANALYZER_NONNULL = YES;
				CLANG_ANALYZER_NUMBER_OBJECT_CONVERSION = YES_AGGRESSIVE;
				CLANG_CXX_LANGUAGE_STANDARD = "gnu++14";
				CLANG_CXX_LIBRARY = "libc++";
				CLANG_ENABLE_MODULES = YES;
				CLANG_ENABLE_OBJC_ARC = YES;
				CLANG_ENABLE_OBJC_WEAK = YES;
				CLANG_WARN_BLOCK_CAPTURE_AUTORELEASING = YES;
				CLANG_WARN_BOOL_CONVERSION = YES;
				CLANG_WARN_COMMA = YES;
				CLANG_WARN_CONSTANT_CONVERSION = YES;
				CLANG_WARN_DEPRECATED_OBJC_IMPLEMENTATIONS = YES;
				CLANG_WARN_DIRECT_OBJC_ISA_USAGE = YES_ERROR;
				CLANG_WARN_DOCUMENTATION_COMMENTS = YES;
				CLANG_WARN_EMPTY_BODY = YES;
				CLANG_WARN_ENUM_CONVERSION = YES;
				CLANG_WARN_INFINITE_RECURSION = YES;
				CLANG_WARN_INT_CONVERSION = YES;
				CLANG_WARN_NON_LITERAL_NULL_CONVERSION = YES;
				CLANG_WARN_OBJC_IMPLICIT_RETAIN_SELF = YES;
				CLANG_WARN_OBJC_LITERAL_CONVERSION = YES;
				CLANG_WARN_OBJC_ROOT_CLASS = YES_ERROR;
				CLANG_WARN_QUOTED_INCLUDE_IN_FRAMEWORK_HEADER = YES;
				CLANG_WARN_RANGE_LOOP_ANALYSIS = YES;
				CLANG_WARN_STRICT_PROTOTYPES = YES;
				CLANG_WARN_SUSPICIOUS_MOVE = YES;
				CLANG_WARN_UNGUARDED_AVAILABILITY = YES_AGGRESSIVE;
				CLANG_WARN_UNREACHABLE_CODE = YES;
				CLANG_WARN__DUPLICATE_METHOD_MATCH = YES;
				COPY_PHASE_STRIP = NO;
				DEBUG_INFORMATION_FORMAT = dwarf;
				ENABLE_STRICT_OBJC_MSGSEND = YES;
				ENABLE_TESTABILITY = YES;
				GCC_C_LANGUAGE_STANDARD = gnu11;
				GCC_DYNAMIC_NO_PIC = NO;
				GCC_NO_COMMON_BLOCKS = YES;
				GCC_OPTIMIZATION_LEVEL = 0;
				GCC_PREPROCESSOR_DEFINITIONS = (
					"DEBUG=1",
					"$(inherited)",
				);
				GCC_WARN_64_TO_32_BIT_CONVERSION = YES;
				GCC_WARN_ABOUT_RETURN_TYPE = YES_ERROR;
				GCC_WARN_UNDECLARED_SELECTOR = YES;
				GCC_WARN_UNINITIALIZED_AUTOS = YES_AGGRESSIVE;
				GCC_WARN_UNUSED_FUNCTION = YES;
				GCC_WARN_UNUSED_VARIABLE = YES;
				IPHONEOS_DEPLOYMENT_TARGET = 14.5;
				MTL_ENABLE_DEBUG_INFO = INCLUDE_SOURCE;
				MTL_FAST_MATH = YES;
				ONLY_ACTIVE_ARCH = YES;
				SDKROOT = iphoneos;
				SWIFT_ACTIVE_COMPILATION_CONDITIONS = DEBUG;
				SWIFT_OPTIMIZATION_LEVEL = "-Onone";
			};
			name = Debug;
		};
		A092548F269E87CF00EE1688 /* Release */ = {
			isa = XCBuildConfiguration;
			buildSettings = {
				ALWAYS_SEARCH_USER_PATHS = NO;
				CLANG_ANALYZER_NONNULL = YES;
				CLANG_ANALYZER_NUMBER_OBJECT_CONVERSION = YES_AGGRESSIVE;
				CLANG_CXX_LANGUAGE_STANDARD = "gnu++14";
				CLANG_CXX_LIBRARY = "libc++";
				CLANG_ENABLE_MODULES = YES;
				CLANG_ENABLE_OBJC_ARC = YES;
				CLANG_ENABLE_OBJC_WEAK = YES;
				CLANG_WARN_BLOCK_CAPTURE_AUTORELEASING = YES;
				CLANG_WARN_BOOL_CONVERSION = YES;
				CLANG_WARN_COMMA = YES;
				CLANG_WARN_CONSTANT_CONVERSION = YES;
				CLANG_WARN_DEPRECATED_OBJC_IMPLEMENTATIONS = YES;
				CLANG_WARN_DIRECT_OBJC_ISA_USAGE = YES_ERROR;
				CLANG_WARN_DOCUMENTATION_COMMENTS = YES;
				CLANG_WARN_EMPTY_BODY = YES;
				CLANG_WARN_ENUM_CONVERSION = YES;
				CLANG_WARN_INFINITE_RECURSION = YES;
				CLANG_WARN_INT_CONVERSION = YES;
				CLANG_WARN_NON_LITERAL_NULL_CONVERSION = YES;
				CLANG_WARN_OBJC_IMPLICIT_RETAIN_SELF = YES;
				CLANG_WARN_OBJC_LITERAL_CONVERSION = YES;
				CLANG_WARN_OBJC_ROOT_CLASS = YES_ERROR;
				CLANG_WARN_QUOTED_INCLUDE_IN_FRAMEWORK_HEADER = YES;
				CLANG_WARN_RANGE_LOOP_ANALYSIS = YES;
				CLANG_WARN_STRICT_PROTOTYPES = YES;
				CLANG_WARN_SUSPICIOUS_MOVE = YES;
				CLANG_WARN_UNGUARDED_AVAILABILITY = YES_AGGRESSIVE;
				CLANG_WARN_UNREACHABLE_CODE = YES;
				CLANG_WARN__DUPLICATE_METHOD_MATCH = YES;
				COPY_PHASE_STRIP = NO;
				DEBUG_INFORMATION_FORMAT = "dwarf-with-dsym";
				ENABLE_NS_ASSERTIONS = NO;
				ENABLE_STRICT_OBJC_MSGSEND = YES;
				GCC_C_LANGUAGE_STANDARD = gnu11;
				GCC_NO_COMMON_BLOCKS = YES;
				GCC_WARN_64_TO_32_BIT_CONVERSION = YES;
				GCC_WARN_ABOUT_RETURN_TYPE = YES_ERROR;
				GCC_WARN_UNDECLARED_SELECTOR = YES;
				GCC_WARN_UNINITIALIZED_AUTOS = YES_AGGRESSIVE;
				GCC_WARN_UNUSED_FUNCTION = YES;
				GCC_WARN_UNUSED_VARIABLE = YES;
				IPHONEOS_DEPLOYMENT_TARGET = 14.5;
				MTL_ENABLE_DEBUG_INFO = NO;
				MTL_FAST_MATH = YES;
				SDKROOT = iphoneos;
				SWIFT_COMPILATION_MODE = wholemodule;
				SWIFT_OPTIMIZATION_LEVEL = "-O";
				VALIDATE_PRODUCT = YES;
			};
			name = Release;
		};
		A0925491269E87CF00EE1688 /* Debug */ = {
			isa = XCBuildConfiguration;
			buildSettings = {
				ASSETCATALOG_COMPILER_APPICON_NAME = AppIcon;
				ASSETCATALOG_COMPILER_GLOBAL_ACCENT_COLOR_NAME = AccentColor;
				CODE_SIGN_STYLE = Automatic;
				DEVELOPMENT_ASSET_PATHS = "\"PayBillTip/Preview Content\"";
				DEVELOPMENT_TEAM = 4Q2TQFSSYY;
				ENABLE_PREVIEWS = YES;
				INFOPLIST_FILE = PayBillTip/Info.plist;
				LD_RUNPATH_SEARCH_PATHS = (
					"$(inherited)",
					"@executable_path/Frameworks",
				);
				PRODUCT_BUNDLE_IDENTIFIER = com.VatsaProduction.PayBillTip;
				PRODUCT_NAME = "$(TARGET_NAME)";
				SWIFT_VERSION = 5.0;
				TARGETED_DEVICE_FAMILY = "1,2";
			};
			name = Debug;
		};
		A0925492269E87CF00EE1688 /* Release */ = {
			isa = XCBuildConfiguration;
			buildSettings = {
				ASSETCATALOG_COMPILER_APPICON_NAME = AppIcon;
				ASSETCATALOG_COMPILER_GLOBAL_ACCENT_COLOR_NAME = AccentColor;
				CODE_SIGN_STYLE = Automatic;
				DEVELOPMENT_ASSET_PATHS = "\"PayBillTip/Preview Content\"";
				DEVELOPMENT_TEAM = 4Q2TQFSSYY;
				ENABLE_PREVIEWS = YES;
				INFOPLIST_FILE = PayBillTip/Info.plist;
				LD_RUNPATH_SEARCH_PATHS = (
					"$(inherited)",
					"@executable_path/Frameworks",
				);
				PRODUCT_BUNDLE_IDENTIFIER = com.VatsaProduction.PayBillTip;
				PRODUCT_NAME = "$(TARGET_NAME)";
				SWIFT_VERSION = 5.0;
				TARGETED_DEVICE_FAMILY = "1,2";
			};
			name = Release;
		};
		A0925494269E87CF00EE1688 /* Debug */ = {
			isa = XCBuildConfiguration;
			buildSettings = {
				ALWAYS_EMBED_SWIFT_STANDARD_LIBRARIES = YES;
				BUNDLE_LOADER = "$(TEST_HOST)";
				CODE_SIGN_STYLE = Automatic;
				DEVELOPMENT_TEAM = 4Q2TQFSSYY;
				INFOPLIST_FILE = PayBillTipTests/Info.plist;
				IPHONEOS_DEPLOYMENT_TARGET = 14.5;
				LD_RUNPATH_SEARCH_PATHS = (
					"$(inherited)",
					"@executable_path/Frameworks",
					"@loader_path/Frameworks",
				);
				PRODUCT_BUNDLE_IDENTIFIER = com.VatsaProduction.PayBillTipTests;
				PRODUCT_NAME = "$(TARGET_NAME)";
				SWIFT_VERSION = 5.0;
				TARGETED_DEVICE_FAMILY = "1,2";
				TEST_HOST = "$(BUILT_PRODUCTS_DIR)/PayBillTip.app/PayBillTip";
			};
			name = Debug;
		};
		A0925495269E87CF00EE1688 /* Release */ = {
			isa = XCBuildConfiguration;
			buildSettings = {
				ALWAYS_EMBED_SWIFT_STANDARD_LIBRARIES = YES;
				BUNDLE_LOADER = "$(TEST_HOST)";
				CODE_SIGN_STYLE = Automatic;
				DEVELOPMENT_TEAM = 4Q2TQFSSYY;
				INFOPLIST_FILE = PayBillTipTests/Info.plist;
				IPHONEOS_DEPLOYMENT_TARGET = 14.5;
				LD_RUNPATH_SEARCH_PATHS = (
					"$(inherited)",
					"@executable_path/Frameworks",
					"@loader_path/Frameworks",
				);
				PRODUCT_BUNDLE_IDENTIFIER = com.VatsaProduction.PayBillTipTests;
				PRODUCT_NAME = "$(TARGET_NAME)";
				SWIFT_VERSION = 5.0;
				TARGETED_DEVICE_FAMILY = "1,2";
				TEST_HOST = "$(BUILT_PRODUCTS_DIR)/PayBillTip.app/PayBillTip";
			};
			name = Release;
		};
		A0925497269E87CF00EE1688 /* Debug */ = {
			isa = XCBuildConfiguration;
			buildSettings = {
				ALWAYS_EMBED_SWIFT_STANDARD_LIBRARIES = YES;
				CODE_SIGN_STYLE = Automatic;
				DEVELOPMENT_TEAM = 4Q2TQFSSYY;
				INFOPLIST_FILE = PayBillTipUITests/Info.plist;
				LD_RUNPATH_SEARCH_PATHS = (
					"$(inherited)",
					"@executable_path/Frameworks",
					"@loader_path/Frameworks",
				);
				PRODUCT_BUNDLE_IDENTIFIER = com.VatsaProduction.PayBillTipUITests;
				PRODUCT_NAME = "$(TARGET_NAME)";
				SWIFT_VERSION = 5.0;
				TARGETED_DEVICE_FAMILY = "1,2";
				TEST_TARGET_NAME = PayBillTip;
			};
			name = Debug;
		};
		A0925498269E87CF00EE1688 /* Release */ = {
			isa = XCBuildConfiguration;
			buildSettings = {
				ALWAYS_EMBED_SWIFT_STANDARD_LIBRARIES = YES;
				CODE_SIGN_STYLE = Automatic;
				DEVELOPMENT_TEAM = 4Q2TQFSSYY;
				INFOPLIST_FILE = PayBillTipUITests/Info.plist;
				LD_RUNPATH_SEARCH_PATHS = (
					"$(inherited)",
					"@executable_path/Frameworks",
					"@loader_path/Frameworks",
				);
				PRODUCT_BUNDLE_IDENTIFIER = com.VatsaProduction.PayBillTipUITests;
				PRODUCT_NAME = "$(TARGET_NAME)";
				SWIFT_VERSION = 5.0;
				TARGETED_DEVICE_FAMILY = "1,2";
				TEST_TARGET_NAME = PayBillTip;
			};
			name = Release;
		};
/* End XCBuildConfiguration section */

/* Begin XCConfigurationList section */
		A092545E269E87CC00EE1688 /* Build configuration list for PBXProject "PayBillTip" */ = {
			isa = XCConfigurationList;
			buildConfigurations = (
				A092548E269E87CF00EE1688 /* Debug */,
				A092548F269E87CF00EE1688 /* Release */,
			);
			defaultConfigurationIsVisible = 0;
			defaultConfigurationName = Release;
		};
		A0925490269E87CF00EE1688 /* Build configuration list for PBXNativeTarget "PayBillTip" */ = {
			isa = XCConfigurationList;
			buildConfigurations = (
				A0925491269E87CF00EE1688 /* Debug */,
				A0925492269E87CF00EE1688 /* Release */,
			);
			defaultConfigurationIsVisible = 0;
			defaultConfigurationName = Release;
		};
		A0925493269E87CF00EE1688 /* Build configuration list for PBXNativeTarget "PayBillTipTests" */ = {
			isa = XCConfigurationList;
			buildConfigurations = (
				A0925494269E87CF00EE1688 /* Debug */,
				A0925495269E87CF00EE1688 /* Release */,
			);
			defaultConfigurationIsVisible = 0;
			defaultConfigurationName = Release;
		};
		A0925496269E87CF00EE1688 /* Build configuration list for PBXNativeTarget "PayBillTipUITests" */ = {
			isa = XCConfigurationList;
			buildConfigurations = (
				A0925497269E87CF00EE1688 /* Debug */,
				A0925498269E87CF00EE1688 /* Release */,
			);
			defaultConfigurationIsVisible = 0;
			defaultConfigurationName = Release;
		};
/* End XCConfigurationList section */

/* Begin XCVersionGroup section */
		A092546C269E87CC00EE1688 /* PayBillTip.xcdatamodeld */ = {
			isa = XCVersionGroup;
			children = (
				A092546D269E87CC00EE1688 /* PayBillTip.xcdatamodel */,
			);
			currentVersion = A092546D269E87CC00EE1688 /* PayBillTip.xcdatamodel */;
			path = PayBillTip.xcdatamodeld;
			sourceTree = "<group>";
			versionGroupType = wrapper.xcdatamodel;
		};
/* End XCVersionGroup section */
	};
	rootObject = A092545B269E87CC00EE1688 /* Project object */;
}
